
Microsoft Visual Studio Solution File, Format Version 12.00
# Visual Studio Version 17
VisualStudioVersion = 17.0.31912.275
MinimumVisualStudioVersion = 10.0.40219.1
Project("{9A19103F-16F7-4668-BE54-9A1E7A4F7556}") = "SantasToolbox", "SantasToolbox\SantasToolbox.csproj", "{460D6357-486B-48A0-A952-A7015BFCB906}"
EndProject
Project("{9A19103F-16F7-4668-BE54-9A1E7A4F7556}") = "SantasToolBoxTests", "SantasToolBoxTests\SantasToolBoxTests.csproj", "{29B87691-90DB-41C8-9D19-4B8EE5D9741C}"
EndProject
Project("{9A19103F-16F7-4668-BE54-9A1E7A4F7556}") = "Day_Template", "Day_Template\Day_Template.csproj", "{5BDABAFF-024D-45D2-BEF1-82AA17850418}"
EndProject
Project("{9A19103F-16F7-4668-BE54-9A1E7A4F7556}") = "Day_1", "Day_1\Day_1.csproj", "{3B494E5D-2B6D-47DE-9067-E4491DB88662}"
EndProject
Project("{9A19103F-16F7-4668-BE54-9A1E7A4F7556}") = "Day_2", "Day_2\Day_2.csproj", "{91AE4932-1548-4D89-8319-71089232678B}"
EndProject
Project("{9A19103F-16F7-4668-BE54-9A1E7A4F7556}") = "Day_3", "Day_3\Day_3.csproj", "{6CB85DB7-D859-4121-B844-C7B6D5C171B3}"
EndProject
Project("{9A19103F-16F7-4668-BE54-9A1E7A4F7556}") = "Day_4", "Day_4\Day_4.csproj", "{BE55F09A-6CD2-4479-9425-DFAA602E882F}"
EndProject
Project("{9A19103F-16F7-4668-BE54-9A1E7A4F7556}") = "Day_6", "Day_6\Day_6.csproj", "{BF40BCA5-CA39-4DC9-9AEC-6D9749B3258E}"
EndProject
Project("{9A19103F-16F7-4668-BE54-9A1E7A4F7556}") = "Day_7", "Day_7\Day_7.csproj", "{1405FF1B-1A94-4936-82CF-C0E0DD4F4F71}"
EndProject
Project("{9A19103F-16F7-4668-BE54-9A1E7A4F7556}") = "Day_8", "Day_8\Day_8.csproj", "{5FC9ADD3-ABCD-4352-9E7C-932B0FE9F649}"
EndProject
Global
	GlobalSection(SolutionConfigurationPlatforms) = preSolution
		Debug|Any CPU = Debug|Any CPU
		Release|Any CPU = Release|Any CPU
	EndGlobalSection
	GlobalSection(ProjectConfigurationPlatforms) = postSolution
		{460D6357-486B-48A0-A952-A7015BFCB906}.Debug|Any CPU.ActiveCfg = Debug|Any CPU
		{460D6357-486B-48A0-A952-A7015BFCB906}.Debug|Any CPU.Build.0 = Debug|Any CPU
		{460D6357-486B-48A0-A952-A7015BFCB906}.Release|Any CPU.ActiveCfg = Release|Any CPU
		{460D6357-486B-48A0-A952-A7015BFCB906}.Release|Any CPU.Build.0 = Release|Any CPU
		{29B87691-90DB-41C8-9D19-4B8EE5D9741C}.Debug|Any CPU.ActiveCfg = Debug|Any CPU
		{29B87691-90DB-41C8-9D19-4B8EE5D9741C}.Debug|Any CPU.Build.0 = Debug|Any CPU
		{29B87691-90DB-41C8-9D19-4B8EE5D9741C}.Release|Any CPU.ActiveCfg = Release|Any CPU
		{29B87691-90DB-41C8-9D19-4B8EE5D9741C}.Release|Any CPU.Build.0 = Release|Any CPU
		{5BDABAFF-024D-45D2-BEF1-82AA17850418}.Debug|Any CPU.ActiveCfg = Debug|Any CPU
		{5BDABAFF-024D-45D2-BEF1-82AA17850418}.Debug|Any CPU.Build.0 = Debug|Any CPU
		{5BDABAFF-024D-45D2-BEF1-82AA17850418}.Release|Any CPU.ActiveCfg = Release|Any CPU
		{5BDABAFF-024D-45D2-BEF1-82AA17850418}.Release|Any CPU.Build.0 = Release|Any CPU
		{3B494E5D-2B6D-47DE-9067-E4491DB88662}.Debug|Any CPU.ActiveCfg = Debug|Any CPU
		{3B494E5D-2B6D-47DE-9067-E4491DB88662}.Debug|Any CPU.Build.0 = Debug|Any CPU
		{3B494E5D-2B6D-47DE-9067-E4491DB88662}.Release|Any CPU.ActiveCfg = Release|Any CPU
		{3B494E5D-2B6D-47DE-9067-E4491DB88662}.Release|Any CPU.Build.0 = Release|Any CPU
		{91AE4932-1548-4D89-8319-71089232678B}.Debug|Any CPU.ActiveCfg = Debug|Any CPU
		{91AE4932-1548-4D89-8319-71089232678B}.Debug|Any CPU.Build.0 = Debug|Any CPU
		{91AE4932-1548-4D89-8319-71089232678B}.Release|Any CPU.ActiveCfg = Release|Any CPU
		{91AE4932-1548-4D89-8319-71089232678B}.Release|Any CPU.Build.0 = Release|Any CPU
		{6CB85DB7-D859-4121-B844-C7B6D5C171B3}.Debug|Any CPU.ActiveCfg = Debug|Any CPU
		{6CB85DB7-D859-4121-B844-C7B6D5C171B3}.Debug|Any CPU.Build.0 = Debug|Any CPU
		{6CB85DB7-D859-4121-B844-C7B6D5C171B3}.Release|Any CPU.ActiveCfg = Release|Any CPU
		{6CB85DB7-D859-4121-B844-C7B6D5C171B3}.Release|Any CPU.Build.0 = Release|Any CPU
		{BE55F09A-6CD2-4479-9425-DFAA602E882F}.Debug|Any CPU.ActiveCfg = Debug|Any CPU
		{BE55F09A-6CD2-4479-9425-DFAA602E882F}.Debug|Any CPU.Build.0 = Debug|Any CPU
		{BE55F09A-6CD2-4479-9425-DFAA602E882F}.Release|Any CPU.ActiveCfg = Release|Any CPU
		{BE55F09A-6CD2-4479-9425-DFAA602E882F}.Release|Any CPU.Build.0 = Release|Any CPU
		{BF40BCA5-CA39-4DC9-9AEC-6D9749B3258E}.Debug|Any CPU.ActiveCfg = Debug|Any CPU
		{BF40BCA5-CA39-4DC9-9AEC-6D9749B3258E}.Debug|Any CPU.Build.0 = Debug|Any CPU
		{BF40BCA5-CA39-4DC9-9AEC-6D9749B3258E}.Release|Any CPU.ActiveCfg = Release|Any CPU
		{BF40BCA5-CA39-4DC9-9AEC-6D9749B3258E}.Release|Any CPU.Build.0 = Release|Any CPU
		{1405FF1B-1A94-4936-82CF-C0E0DD4F4F71}.Debug|Any CPU.ActiveCfg = Debug|Any CPU
		{1405FF1B-1A94-4936-82CF-C0E0DD4F4F71}.Debug|Any CPU.Build.0 = Debug|Any CPU
		{1405FF1B-1A94-4936-82CF-C0E0DD4F4F71}.Release|Any CPU.ActiveCfg = Release|Any CPU
		{1405FF1B-1A94-4936-82CF-C0E0DD4F4F71}.Release|Any CPU.Build.0 = Release|Any CPU
		{5FC9ADD3-ABCD-4352-9E7C-932B0FE9F649}.Debug|Any CPU.ActiveCfg = Debug|Any CPU
		{5FC9ADD3-ABCD-4352-9E7C-932B0FE9F649}.Debug|Any CPU.Build.0 = Debug|Any CPU
		{5FC9ADD3-ABCD-4352-9E7C-932B0FE9F649}.Release|Any CPU.ActiveCfg = Release|Any CPU
		{5FC9ADD3-ABCD-4352-9E7C-932B0FE9F649}.Release|Any CPU.Build.0 = Release|Any CPU
	EndGlobalSection
	GlobalSection(SolutionProperties) = preSolution
		HideSolutionNode = FALSE
	EndGlobalSection
	GlobalSection(ExtensibilityGlobals) = postSolution
		SolutionGuid = {35EB43F3-B1F9-4A6B-B82C-3D9C5C45678E}
	EndGlobalSection
EndGlobal
